
Microsoft Visual Studio Solution File, Format Version 12.00
# Visual Studio Version 17
VisualStudioVersion = 17.4.33110.190
MinimumVisualStudioVersion = 10.0.40219.1
Project("{FAE04EC0-301F-11D3-BF4B-00C04F79EFBC}") = "WebApiAzureTable", "WebApiAzureTable.csproj", "{AF56D61A-C277-4757-8165-17B37C86E7A2}"
EndProject
Global
	GlobalSection(SolutionConfigurationPlatforms) = preSolution
		Debug|Any CPU = Debug|Any CPU
		Release|Any CPU = Release|Any CPU
	EndGlobalSection
	GlobalSection(ProjectConfigurationPlatforms) = postSolution
		{AF56D61A-C277-4757-8165-17B37C86E7A2}.Debug|Any CPU.ActiveCfg = Debug|Any CPU
		{AF56D61A-C277-4757-8165-17B37C86E7A2}.Debug|Any CPU.Build.0 = Debug|Any CPU
		{AF56D61A-C277-4757-8165-17B37C86E7A2}.Release|Any CPU.ActiveCfg = Release|Any CPU
		{AF56D61A-C277-4757-8165-17B37C86E7A2}.Release|Any CPU.Build.0 = Release|Any CPU
	EndGlobalSection
	GlobalSection(SolutionProperties) = preSolution
		HideSolutionNode = FALSE
	EndGlobalSection
	GlobalSection(ExtensibilityGlobals) = postSolution
		SolutionGuid = {EF00741C-A633-4C8B-9427-B44F38D7EC77}
	EndGlobalSection
EndGlobal
